
Microsoft Visual Studio Solution File, Format Version 12.00
Project("{FAE04EC0-301F-11D3-BF4B-00C04F79EFBC}") = "Autodraw", "Autodraw\Autodraw.csproj", "{BF7829E5-4FE7-43AC-9C65-066F106FF199}"
EndProject
Global
	GlobalSection(SolutionConfigurationPlatforms) = preSolution
		Debug|Any CPU = Debug|Any CPU
		Release|Any CPU = Release|Any CPU
	EndGlobalSection
	GlobalSection(ProjectConfigurationPlatforms) = postSolution
		{BF7829E5-4FE7-43AC-9C65-066F106FF199}.Debug|Any CPU.ActiveCfg = Debug|Any CPU
		{BF7829E5-4FE7-43AC-9C65-066F106FF199}.Debug|Any CPU.Build.0 = Debug|Any CPU
		{BF7829E5-4FE7-43AC-9C65-066F106FF199}.Release|Any CPU.ActiveCfg = Release|Any CPU
		{BF7829E5-4FE7-43AC-9C65-066F106FF199}.Release|Any CPU.Build.0 = Release|Any CPU
	EndGlobalSection
EndGlobal
