
Microsoft Visual Studio Solution File, Format Version 12.00
# Visual Studio Version 17
VisualStudioVersion = 17.6.33815.320
MinimumVisualStudioVersion = 10.0.40219.1
Project("{9A19103F-16F7-4668-BE54-9A1E7A4F7556}") = "Autodraw", "Autodraw.csproj", "{3BD9DC45-60DC-4871-A5BA-74B4946EF029}"
EndProject
Project("{2150E333-8FDC-42A3-9474-1A3956D46DE8}") = "Solution Items", "Solution Items", "{B634ACB7-11EF-4A95-9B59-8978BEC133DD}"
	ProjectSection(SolutionItems) = preProject
		.editorconfig = .editorconfig
	EndProjectSection
EndProject
Global
	GlobalSection(SolutionConfigurationPlatforms) = preSolution
		Debug|Any CPU = Debug|Any CPU
		Release|Any CPU = Release|Any CPU
	EndGlobalSection
	GlobalSection(ProjectConfigurationPlatforms) = postSolution
		{3BD9DC45-60DC-4871-A5BA-74B4946EF029}.Debug|Any CPU.ActiveCfg = Debug|Any CPU
		{3BD9DC45-60DC-4871-A5BA-74B4946EF029}.Debug|Any CPU.Build.0 = Debug|Any CPU
		{3BD9DC45-60DC-4871-A5BA-74B4946EF029}.Release|Any CPU.ActiveCfg = Release|Any CPU
		{3BD9DC45-60DC-4871-A5BA-74B4946EF029}.Release|Any CPU.Build.0 = Release|Any CPU
	EndGlobalSection
	GlobalSection(SolutionProperties) = preSolution
		HideSolutionNode = FALSE
	EndGlobalSection
	GlobalSection(ExtensibilityGlobals) = postSolution
		SolutionGuid = {5F5178CE-5538-44F1-A9DD-EF3BB0A7CEB3}
	EndGlobalSection
EndGlobal
